
Microsoft Visual Studio Solution File, Format Version 12.00
# Visual Studio Version 16
VisualStudioVersion = 16.0.29009.5
MinimumVisualStudioVersion = 10.0.40219.1
Project("{9A19103F-16F7-4668-BE54-9A1E7A4F7556}") = "Sorting", "ConsoleApp1\Sorting.csproj", "{F250E0FF-8EF2-4B1B-BCD5-F2CA9233DB54}"
EndProject
Project("{FAE04EC0-301F-11D3-BF4B-00C04F79EFBC}") = "Sorting.Test", "XUnitTestProject1\Sorting.Test.csproj", "{83EC4119-1381-422E-AAE8-A7C9B0EC14E5}"
EndProject
Global
	GlobalSection(SolutionConfigurationPlatforms) = preSolution
		Debug|Any CPU = Debug|Any CPU
		Release|Any CPU = Release|Any CPU
	EndGlobalSection
	GlobalSection(ProjectConfigurationPlatforms) = postSolution
		{F250E0FF-8EF2-4B1B-BCD5-F2CA9233DB54}.Debug|Any CPU.ActiveCfg = Debug|Any CPU
		{F250E0FF-8EF2-4B1B-BCD5-F2CA9233DB54}.Debug|Any CPU.Build.0 = Debug|Any CPU
		{F250E0FF-8EF2-4B1B-BCD5-F2CA9233DB54}.Release|Any CPU.ActiveCfg = Release|Any CPU
		{F250E0FF-8EF2-4B1B-BCD5-F2CA9233DB54}.Release|Any CPU.Build.0 = Release|Any CPU
		{83EC4119-1381-422E-AAE8-A7C9B0EC14E5}.Debug|Any CPU.ActiveCfg = Debug|Any CPU
		{83EC4119-1381-422E-AAE8-A7C9B0EC14E5}.Debug|Any CPU.Build.0 = Debug|Any CPU
		{83EC4119-1381-422E-AAE8-A7C9B0EC14E5}.Release|Any CPU.ActiveCfg = Release|Any CPU
		{83EC4119-1381-422E-AAE8-A7C9B0EC14E5}.Release|Any CPU.Build.0 = Release|Any CPU
	EndGlobalSection
	GlobalSection(SolutionProperties) = preSolution
		HideSolutionNode = FALSE
	EndGlobalSection
	GlobalSection(ExtensibilityGlobals) = postSolution
		SolutionGuid = {EBE33253-C15B-4018-92A8-D0C6E78477FE}
	EndGlobalSection
EndGlobal
